
Microsoft Visual Studio Solution File, Format Version 11.00
# Visual Studio 2010
Project("{8BC9CEB8-8B4A-11D0-8D11-00A0C91BC942}") = "design_1_calculate", "design_1_calculate\design_1_calculate.vcxproj", "{87189EBD-BBB8-4A5E-80C4-812C0690E60F}"
EndProject
Global
	GlobalSection(SolutionConfigurationPlatforms) = preSolution
		Debug|Win32 = Debug|Win32
		Release|Win32 = Release|Win32
	EndGlobalSection
	GlobalSection(ProjectConfigurationPlatforms) = postSolution
		{87189EBD-BBB8-4A5E-80C4-812C0690E60F}.Debug|Win32.ActiveCfg = Debug|Win32
		{87189EBD-BBB8-4A5E-80C4-812C0690E60F}.Debug|Win32.Build.0 = Debug|Win32
		{87189EBD-BBB8-4A5E-80C4-812C0690E60F}.Release|Win32.ActiveCfg = Release|Win32
		{87189EBD-BBB8-4A5E-80C4-812C0690E60F}.Release|Win32.Build.0 = Release|Win32
	EndGlobalSection
	GlobalSection(SolutionProperties) = preSolution
		HideSolutionNode = FALSE
	EndGlobalSection
EndGlobal
